
Microsoft Visual Studio Solution File, Format Version 12.00
# Visual Studio 15
VisualStudioVersion = 15.0.28307.757
MinimumVisualStudioVersion = 10.0.40219.1
Project("{FAE04EC0-301F-11D3-BF4B-00C04F79EFBC}") = "Geta.SocialChannels.Instagram", "src\Geta.SocialChannels.Instagram\Geta.SocialChannels.Instagram.csproj", "{935D1382-9213-4D24-8FCA-5FC74FBC3359}"
EndProject
Project("{FAE04EC0-301F-11D3-BF4B-00C04F79EFBC}") = "Geta.SocialChannels.YouTube", "src\Geta.SocialChannels.YouTube\Geta.SocialChannels.YouTube.csproj", "{D7FB0911-3534-4730-86F7-E5BE86BA7FAA}"
EndProject
Project("{FAE04EC0-301F-11D3-BF4B-00C04F79EFBC}") = "Geta.SocialChannels.Twitter", "src\Geta.SocialChannels.Twitter\Geta.SocialChannels.Twitter.csproj", "{55FCA46D-A332-4F77-896C-A5A7CBB5F3B9}"
EndProject
Project("{FAE04EC0-301F-11D3-BF4B-00C04F79EFBC}") = "Geta.SocialChannels", "src\Geta.SocialChannels\Geta.SocialChannels.csproj", "{7D3C16A2-1039-4F4A-9682-3D9023F8B166}"
EndProject
Project("{FAE04EC0-301F-11D3-BF4B-00C04F79EFBC}") = "Geta.SocialChannels.Facebook", "src\Geta.SocialChannels.Facebook\Geta.SocialChannels.Facebook.csproj", "{FD0FFD6F-6780-40D8-ADD8-BC9FA9F64F28}"
EndProject
Global
	GlobalSection(SolutionConfigurationPlatforms) = preSolution
		Debug|Any CPU = Debug|Any CPU
		Release|Any CPU = Release|Any CPU
	EndGlobalSection
	GlobalSection(ProjectConfigurationPlatforms) = postSolution
		{935D1382-9213-4D24-8FCA-5FC74FBC3359}.Debug|Any CPU.ActiveCfg = Debug|Any CPU
		{935D1382-9213-4D24-8FCA-5FC74FBC3359}.Debug|Any CPU.Build.0 = Debug|Any CPU
		{935D1382-9213-4D24-8FCA-5FC74FBC3359}.Release|Any CPU.ActiveCfg = Release|Any CPU
		{935D1382-9213-4D24-8FCA-5FC74FBC3359}.Release|Any CPU.Build.0 = Release|Any CPU
		{D7FB0911-3534-4730-86F7-E5BE86BA7FAA}.Debug|Any CPU.ActiveCfg = Debug|Any CPU
		{D7FB0911-3534-4730-86F7-E5BE86BA7FAA}.Debug|Any CPU.Build.0 = Debug|Any CPU
		{D7FB0911-3534-4730-86F7-E5BE86BA7FAA}.Release|Any CPU.ActiveCfg = Release|Any CPU
		{D7FB0911-3534-4730-86F7-E5BE86BA7FAA}.Release|Any CPU.Build.0 = Release|Any CPU
		{55FCA46D-A332-4F77-896C-A5A7CBB5F3B9}.Debug|Any CPU.ActiveCfg = Debug|Any CPU
		{55FCA46D-A332-4F77-896C-A5A7CBB5F3B9}.Debug|Any CPU.Build.0 = Debug|Any CPU
		{55FCA46D-A332-4F77-896C-A5A7CBB5F3B9}.Release|Any CPU.ActiveCfg = Release|Any CPU
		{55FCA46D-A332-4F77-896C-A5A7CBB5F3B9}.Release|Any CPU.Build.0 = Release|Any CPU
		{7D3C16A2-1039-4F4A-9682-3D9023F8B166}.Debug|Any CPU.ActiveCfg = Debug|Any CPU
		{7D3C16A2-1039-4F4A-9682-3D9023F8B166}.Debug|Any CPU.Build.0 = Debug|Any CPU
		{7D3C16A2-1039-4F4A-9682-3D9023F8B166}.Release|Any CPU.ActiveCfg = Release|Any CPU
		{7D3C16A2-1039-4F4A-9682-3D9023F8B166}.Release|Any CPU.Build.0 = Release|Any CPU
		{FD0FFD6F-6780-40D8-ADD8-BC9FA9F64F28}.Debug|Any CPU.ActiveCfg = Debug|Any CPU
		{FD0FFD6F-6780-40D8-ADD8-BC9FA9F64F28}.Debug|Any CPU.Build.0 = Debug|Any CPU
		{FD0FFD6F-6780-40D8-ADD8-BC9FA9F64F28}.Release|Any CPU.ActiveCfg = Release|Any CPU
		{FD0FFD6F-6780-40D8-ADD8-BC9FA9F64F28}.Release|Any CPU.Build.0 = Release|Any CPU
	EndGlobalSection
	GlobalSection(SolutionProperties) = preSolution
		HideSolutionNode = FALSE
	EndGlobalSection
	GlobalSection(ExtensibilityGlobals) = postSolution
		SolutionGuid = {A6AD9E71-48D9-49B4-9BEC-B7350161EEDD}
	EndGlobalSection
EndGlobal
